
Microsoft Visual Studio Solution File, Format Version 12.00
# Visual Studio Version 17
VisualStudioVersion = 17.1.32414.318
MinimumVisualStudioVersion = 10.0.40219.1
Project("{9A19103F-16F7-4668-BE54-9A1E7A4F7556}") = "Day01", "286\Day01.csproj", "{45D1FAA4-1DA3-4DFF-9188-C5A3BCBEE462}"
EndProject
Project("{9A19103F-16F7-4668-BE54-9A1E7A4F7556}") = "LatihanSoal", "LatihanSoal\LatihanSoal.csproj", "{29D0AD5B-D542-4FDF-87BB-2471862A3E18}"
EndProject
Project("{9A19103F-16F7-4668-BE54-9A1E7A4F7556}") = "LatihanSoal2", "LatihanSoal2\LatihanSoal2.csproj", "{F7A1A7FB-FF98-4E98-BB0D-D3B8B63981F6}"
EndProject
Project("{9A19103F-16F7-4668-BE54-9A1E7A4F7556}") = "Library", "Library\Library.csproj", "{9595A5D9-9579-4FAA-A140-A11C1B0CA340}"
EndProject
Project("{9A19103F-16F7-4668-BE54-9A1E7A4F7556}") = "LatihanSoal3", "LatihanSoal3\LatihanSoal3.csproj", "{532FC1ED-497C-4910-98C7-104B00B6166D}"
EndProject
Project("{9A19103F-16F7-4668-BE54-9A1E7A4F7556}") = "CHALLANGETEST1", "CHALLANGETEST1\CHALLANGETEST1.csproj", "{E2F76326-6961-45A9-9322-AC2A31315FA6}"
EndProject
Project("{9A19103F-16F7-4668-BE54-9A1E7A4F7556}") = "Day04(baru)", "Day04\Day04(baru)\Day04(baru).csproj", "{EFBD93FF-6294-4A39-A0ED-8320E5C13612}"
EndProject
Project("{9A19103F-16F7-4668-BE54-9A1E7A4F7556}") = "Hari04", "Hari04\Hari04.csproj", "{2698EC24-2F97-4F52-8BD3-B5BE939AC020}"
EndProject
Project("{9A19103F-16F7-4668-BE54-9A1E7A4F7556}") = "TimeConversion", "TimeConversion\TimeConversion.csproj", "{FB37C5FC-38E0-498C-8294-DD0EDE9D9A6B}"
EndProject
Project("{9A19103F-16F7-4668-BE54-9A1E7A4F7556}") = "Day05", "Day05\Day05.csproj", "{49C75B2D-C1AC-450C-9400-32E1B9C2986E}"
EndProject
Project("{9A19103F-16F7-4668-BE54-9A1E7A4F7556}") = "Day06", "Day06\Day06.csproj", "{68D1037E-EC7D-4203-A529-DD61977C9E6F}"
EndProject
Project("{9A19103F-16F7-4668-BE54-9A1E7A4F7556}") = "LatihanSoal4", "LatihanSoal4\LatihanSoal4.csproj", "{D8A4F8CD-F057-4308-9662-C76204EF2530}"
EndProject
Project("{9A19103F-16F7-4668-BE54-9A1E7A4F7556}") = "Day07", "Day07\Day07.csproj", "{83FE18AA-C10A-4248-BE4E-C37E0F9D8CBC}"
EndProject
Project("{FAE04EC0-301F-11D3-BF4B-00C04F79EFBC}") = "LatihanSoal5", "ValueAddTax\LatihanSoal5.csproj", "{72894DC0-0454-497F-B937-AE7DC86D9627}"
EndProject
Global
	GlobalSection(SolutionConfigurationPlatforms) = preSolution
		Debug|Any CPU = Debug|Any CPU
		Release|Any CPU = Release|Any CPU
	EndGlobalSection
	GlobalSection(ProjectConfigurationPlatforms) = postSolution
		{45D1FAA4-1DA3-4DFF-9188-C5A3BCBEE462}.Debug|Any CPU.ActiveCfg = Debug|Any CPU
		{45D1FAA4-1DA3-4DFF-9188-C5A3BCBEE462}.Debug|Any CPU.Build.0 = Debug|Any CPU
		{45D1FAA4-1DA3-4DFF-9188-C5A3BCBEE462}.Release|Any CPU.ActiveCfg = Release|Any CPU
		{45D1FAA4-1DA3-4DFF-9188-C5A3BCBEE462}.Release|Any CPU.Build.0 = Release|Any CPU
		{29D0AD5B-D542-4FDF-87BB-2471862A3E18}.Debug|Any CPU.ActiveCfg = Debug|Any CPU
		{29D0AD5B-D542-4FDF-87BB-2471862A3E18}.Debug|Any CPU.Build.0 = Debug|Any CPU
		{29D0AD5B-D542-4FDF-87BB-2471862A3E18}.Release|Any CPU.ActiveCfg = Release|Any CPU
		{29D0AD5B-D542-4FDF-87BB-2471862A3E18}.Release|Any CPU.Build.0 = Release|Any CPU
		{F7A1A7FB-FF98-4E98-BB0D-D3B8B63981F6}.Debug|Any CPU.ActiveCfg = Debug|Any CPU
		{F7A1A7FB-FF98-4E98-BB0D-D3B8B63981F6}.Debug|Any CPU.Build.0 = Debug|Any CPU
		{F7A1A7FB-FF98-4E98-BB0D-D3B8B63981F6}.Release|Any CPU.ActiveCfg = Release|Any CPU
		{F7A1A7FB-FF98-4E98-BB0D-D3B8B63981F6}.Release|Any CPU.Build.0 = Release|Any CPU
		{9595A5D9-9579-4FAA-A140-A11C1B0CA340}.Debug|Any CPU.ActiveCfg = Debug|Any CPU
		{9595A5D9-9579-4FAA-A140-A11C1B0CA340}.Debug|Any CPU.Build.0 = Debug|Any CPU
		{9595A5D9-9579-4FAA-A140-A11C1B0CA340}.Release|Any CPU.ActiveCfg = Release|Any CPU
		{9595A5D9-9579-4FAA-A140-A11C1B0CA340}.Release|Any CPU.Build.0 = Release|Any CPU
		{532FC1ED-497C-4910-98C7-104B00B6166D}.Debug|Any CPU.ActiveCfg = Debug|Any CPU
		{532FC1ED-497C-4910-98C7-104B00B6166D}.Debug|Any CPU.Build.0 = Debug|Any CPU
		{532FC1ED-497C-4910-98C7-104B00B6166D}.Release|Any CPU.ActiveCfg = Release|Any CPU
		{532FC1ED-497C-4910-98C7-104B00B6166D}.Release|Any CPU.Build.0 = Release|Any CPU
		{E2F76326-6961-45A9-9322-AC2A31315FA6}.Debug|Any CPU.ActiveCfg = Debug|Any CPU
		{E2F76326-6961-45A9-9322-AC2A31315FA6}.Debug|Any CPU.Build.0 = Debug|Any CPU
		{E2F76326-6961-45A9-9322-AC2A31315FA6}.Release|Any CPU.ActiveCfg = Release|Any CPU
		{E2F76326-6961-45A9-9322-AC2A31315FA6}.Release|Any CPU.Build.0 = Release|Any CPU
		{EFBD93FF-6294-4A39-A0ED-8320E5C13612}.Debug|Any CPU.ActiveCfg = Debug|Any CPU
		{EFBD93FF-6294-4A39-A0ED-8320E5C13612}.Debug|Any CPU.Build.0 = Debug|Any CPU
		{EFBD93FF-6294-4A39-A0ED-8320E5C13612}.Release|Any CPU.ActiveCfg = Release|Any CPU
		{EFBD93FF-6294-4A39-A0ED-8320E5C13612}.Release|Any CPU.Build.0 = Release|Any CPU
		{2698EC24-2F97-4F52-8BD3-B5BE939AC020}.Debug|Any CPU.ActiveCfg = Debug|Any CPU
		{2698EC24-2F97-4F52-8BD3-B5BE939AC020}.Debug|Any CPU.Build.0 = Debug|Any CPU
		{2698EC24-2F97-4F52-8BD3-B5BE939AC020}.Release|Any CPU.ActiveCfg = Release|Any CPU
		{2698EC24-2F97-4F52-8BD3-B5BE939AC020}.Release|Any CPU.Build.0 = Release|Any CPU
		{FB37C5FC-38E0-498C-8294-DD0EDE9D9A6B}.Debug|Any CPU.ActiveCfg = Debug|Any CPU
		{FB37C5FC-38E0-498C-8294-DD0EDE9D9A6B}.Debug|Any CPU.Build.0 = Debug|Any CPU
		{FB37C5FC-38E0-498C-8294-DD0EDE9D9A6B}.Release|Any CPU.ActiveCfg = Release|Any CPU
		{FB37C5FC-38E0-498C-8294-DD0EDE9D9A6B}.Release|Any CPU.Build.0 = Release|Any CPU
		{49C75B2D-C1AC-450C-9400-32E1B9C2986E}.Debug|Any CPU.ActiveCfg = Debug|Any CPU
		{49C75B2D-C1AC-450C-9400-32E1B9C2986E}.Debug|Any CPU.Build.0 = Debug|Any CPU
		{49C75B2D-C1AC-450C-9400-32E1B9C2986E}.Release|Any CPU.ActiveCfg = Release|Any CPU
		{49C75B2D-C1AC-450C-9400-32E1B9C2986E}.Release|Any CPU.Build.0 = Release|Any CPU
		{68D1037E-EC7D-4203-A529-DD61977C9E6F}.Debug|Any CPU.ActiveCfg = Debug|Any CPU
		{68D1037E-EC7D-4203-A529-DD61977C9E6F}.Debug|Any CPU.Build.0 = Debug|Any CPU
		{68D1037E-EC7D-4203-A529-DD61977C9E6F}.Release|Any CPU.ActiveCfg = Release|Any CPU
		{68D1037E-EC7D-4203-A529-DD61977C9E6F}.Release|Any CPU.Build.0 = Release|Any CPU
		{D8A4F8CD-F057-4308-9662-C76204EF2530}.Debug|Any CPU.ActiveCfg = Debug|Any CPU
		{D8A4F8CD-F057-4308-9662-C76204EF2530}.Debug|Any CPU.Build.0 = Debug|Any CPU
		{D8A4F8CD-F057-4308-9662-C76204EF2530}.Release|Any CPU.ActiveCfg = Release|Any CPU
		{D8A4F8CD-F057-4308-9662-C76204EF2530}.Release|Any CPU.Build.0 = Release|Any CPU
		{83FE18AA-C10A-4248-BE4E-C37E0F9D8CBC}.Debug|Any CPU.ActiveCfg = Debug|Any CPU
		{83FE18AA-C10A-4248-BE4E-C37E0F9D8CBC}.Debug|Any CPU.Build.0 = Debug|Any CPU
		{83FE18AA-C10A-4248-BE4E-C37E0F9D8CBC}.Release|Any CPU.ActiveCfg = Release|Any CPU
		{83FE18AA-C10A-4248-BE4E-C37E0F9D8CBC}.Release|Any CPU.Build.0 = Release|Any CPU
		{72894DC0-0454-497F-B937-AE7DC86D9627}.Debug|Any CPU.ActiveCfg = Debug|Any CPU
		{72894DC0-0454-497F-B937-AE7DC86D9627}.Debug|Any CPU.Build.0 = Debug|Any CPU
		{72894DC0-0454-497F-B937-AE7DC86D9627}.Release|Any CPU.ActiveCfg = Release|Any CPU
		{72894DC0-0454-497F-B937-AE7DC86D9627}.Release|Any CPU.Build.0 = Release|Any CPU
	EndGlobalSection
	GlobalSection(SolutionProperties) = preSolution
		HideSolutionNode = FALSE
	EndGlobalSection
	GlobalSection(ExtensibilityGlobals) = postSolution
		SolutionGuid = {0346CAAE-D78D-4223-88B3-596C7D24B858}
	EndGlobalSection
EndGlobal
